// !$*UTF8*$!
{
	archiveVersion = 1;
	classes = {
	};
	objectVersion = 56;
	objects = {

/* Begin PBXBuildFile section */
		C20A6EC22ABB4DEF002360D5 /* SwiftUI_DrawingAppApp.swift in Sources */ = {isa = PBXBuildFile; fileRef = C20A6EC12ABB4DEF002360D5 /* SwiftUI_DrawingAppApp.swift */; };
		C20A6EC42ABB4DEF002360D5 /* ContentView.swift in Sources */ = {isa = PBXBuildFile; fileRef = C20A6EC32ABB4DEF002360D5 /* ContentView.swift */; };
		C20A6EC62ABB4DF2002360D5 /* Assets.xcassets in Resources */ = {isa = PBXBuildFile; fileRef = C20A6EC52ABB4DF2002360D5 /* Assets.xcassets */; };
		C20A6EC92ABB4DF2002360D5 /* Preview Assets.xcassets in Resources */ = {isa = PBXBuildFile; fileRef = C20A6EC82ABB4DF2002360D5 /* Preview Assets.xcassets */; };
		C20A6ED32ABB4DF3002360D5 /* SwiftUI_DrawingAppTests.swift in Sources */ = {isa = PBXBuildFile; fileRef = C20A6ED22ABB4DF3002360D5 /* SwiftUI_DrawingAppTests.swift */; };
		C20A6EDD2ABB4DF3002360D5 /* SwiftUI_DrawingAppUITests.swift in Sources */ = {isa = PBXBuildFile; fileRef = C20A6EDC2ABB4DF3002360D5 /* SwiftUI_DrawingAppUITests.swift */; };
		C20A6EDF2ABB4DF3002360D5 /* SwiftUI_DrawingAppUITestsLaunchTests.swift in Sources */ = {isa = PBXBuildFile; fileRef = C20A6EDE2ABB4DF3002360D5 /* SwiftUI_DrawingAppUITestsLaunchTests.swift */; };
		C20A6EEC2ABB51E6002360D5 /* Constants.swift in Sources */ = {isa = PBXBuildFile; fileRef = C20A6EEB2ABB51E6002360D5 /* Constants.swift */; };
		C20A6EEE2ABB5242002360D5 /* ColorPickerView.swift in Sources */ = {isa = PBXBuildFile; fileRef = C20A6EED2ABB5242002360D5 /* ColorPickerView.swift */; };
/* End PBXBuildFile section */

/* Begin PBXContainerItemProxy section */
		C20A6ECF2ABB4DF3002360D5 /* PBXContainerItemProxy */ = {
			isa = PBXContainerItemProxy;
			containerPortal = C20A6EB62ABB4DEF002360D5 /* Project object */;
			proxyType = 1;
			remoteGlobalIDString = C20A6EBD2ABB4DEF002360D5;
			remoteInfo = "SwiftUI-DrawingApp";
		};
		C20A6ED92ABB4DF3002360D5 /* PBXContainerItemProxy */ = {
			isa = PBXContainerItemProxy;
			containerPortal = C20A6EB62ABB4DEF002360D5 /* Project object */;
			proxyType = 1;
			remoteGlobalIDString = C20A6EBD2ABB4DEF002360D5;
			remoteInfo = "SwiftUI-DrawingApp";
		};
/* End PBXContainerItemProxy section */

/* Begin PBXFileReference section */
		C20A6EBE2ABB4DEF002360D5 /* SwiftUI-DrawingApp.app */ = {isa = PBXFileReference; explicitFileType = wrapper.application; includeInIndex = 0; path = "SwiftUI-DrawingApp.app"; sourceTree = BUILT_PRODUCTS_DIR; };
		C20A6EC12ABB4DEF002360D5 /* SwiftUI_DrawingAppApp.swift */ = {isa = PBXFileReference; lastKnownFileType = sourcecode.swift; path = SwiftUI_DrawingAppApp.swift; sourceTree = "<group>"; };
		C20A6EC32ABB4DEF002360D5 /* ContentView.swift */ = {isa = PBXFileReference; lastKnownFileType = sourcecode.swift; path = ContentView.swift; sourceTree = "<group>"; };
		C20A6EC52ABB4DF2002360D5 /* Assets.xcassets */ = {isa = PBXFileReference; lastKnownFileType = folder.assetcatalog; path = Assets.xcassets; sourceTree = "<group>"; };
		C20A6EC82ABB4DF2002360D5 /* Preview Assets.xcassets */ = {isa = PBXFileReference; lastKnownFileType = folder.assetcatalog; path = "Preview Assets.xcassets"; sourceTree = "<group>"; };
		C20A6ECE2ABB4DF3002360D5 /* SwiftUI-DrawingAppTests.xctest */ = {isa = PBXFileReference; explicitFileType = wrapper.cfbundle; includeInIndex = 0; path = "SwiftUI-DrawingAppTests.xctest"; sourceTree = BUILT_PRODUCTS_DIR; };
		C20A6ED22ABB4DF3002360D5 /* SwiftUI_DrawingAppTests.swift */ = {isa = PBXFileReference; lastKnownFileType = sourcecode.swift; path = SwiftUI_DrawingAppTests.swift; sourceTree = "<group>"; };
		C20A6ED82ABB4DF3002360D5 /* SwiftUI-DrawingAppUITests.xctest */ = {isa = PBXFileReference; explicitFileType = wrapper.cfbundle; includeInIndex = 0; path = "SwiftUI-DrawingAppUITests.xctest"; sourceTree = BUILT_PRODUCTS_DIR; };
		C20A6EDC2ABB4DF3002360D5 /* SwiftUI_DrawingAppUITests.swift */ = {isa = PBXFileReference; lastKnownFileType = sourcecode.swift; path = SwiftUI_DrawingAppUITests.swift; sourceTree = "<group>"; };
		C20A6EDE2ABB4DF3002360D5 /* SwiftUI_DrawingAppUITestsLaunchTests.swift */ = {isa = PBXFileReference; lastKnownFileType = sourcecode.swift; path = SwiftUI_DrawingAppUITestsLaunchTests.swift; sourceTree = "<group>"; };
		C20A6EEB2ABB51E6002360D5 /* Constants.swift */ = {isa = PBXFileReference; lastKnownFileType = sourcecode.swift; path = Constants.swift; sourceTree = "<group>"; };
		C20A6EED2ABB5242002360D5 /* ColorPickerView.swift */ = {isa = PBXFileReference; lastKnownFileType = sourcecode.swift; path = ColorPickerView.swift; sourceTree = "<group>"; };
/* End PBXFileReference section */

/* Begin PBXFrameworksBuildPhase section */
		C20A6EBB2ABB4DEF002360D5 /* Frameworks */ = {
			isa = PBXFrameworksBuildPhase;
			buildActionMask = 2147483647;
			files = (
			);
			runOnlyForDeploymentPostprocessing = 0;
		};
		C20A6ECB2ABB4DF3002360D5 /* Frameworks */ = {
			isa = PBXFrameworksBuildPhase;
			buildActionMask = 2147483647;
			files = (
			);
			runOnlyForDeploymentPostprocessing = 0;
		};
		C20A6ED52ABB4DF3002360D5 /* Frameworks */ = {
			isa = PBXFrameworksBuildPhase;
			buildActionMask = 2147483647;
			files = (
			);
			runOnlyForDeploymentPostprocessing = 0;
		};
/* End PBXFrameworksBuildPhase section */

/* Begin PBXGroup section */
		C20A6EB52ABB4DEF002360D5 = {
			isa = PBXGroup;
			children = (
				C20A6EEB2ABB51E6002360D5 /* Constants.swift */,
				C20A6EED2ABB5242002360D5 /* ColorPickerView.swift */,
				C20A6EC02ABB4DEF002360D5 /* SwiftUI-DrawingApp */,
				C20A6ED12ABB4DF3002360D5 /* SwiftUI-DrawingAppTests */,
				C20A6EDB2ABB4DF3002360D5 /* SwiftUI-DrawingAppUITests */,
				C20A6EBF2ABB4DEF002360D5 /* Products */,
			);
			sourceTree = "<group>";
		};
		C20A6EBF2ABB4DEF002360D5 /* Products */ = {
			isa = PBXGroup;
			children = (
				C20A6EBE2ABB4DEF002360D5 /* SwiftUI-DrawingApp.app */,
				C20A6ECE2ABB4DF3002360D5 /* SwiftUI-DrawingAppTests.xctest */,
				C20A6ED82ABB4DF3002360D5 /* SwiftUI-DrawingAppUITests.xctest */,
			);
			name = Products;
			sourceTree = "<group>";
		};
		C20A6EC02ABB4DEF002360D5 /* SwiftUI-DrawingApp */ = {
			isa = PBXGroup;
			children = (
				C20A6EC12ABB4DEF002360D5 /* SwiftUI_DrawingAppApp.swift */,
				C20A6EC32ABB4DEF002360D5 /* ContentView.swift */,
				C20A6EC52ABB4DF2002360D5 /* Assets.xcassets */,
				C20A6EC72ABB4DF2002360D5 /* Preview Content */,
			);
			path = "SwiftUI-DrawingApp";
			sourceTree = "<group>";
		};
		C20A6EC72ABB4DF2002360D5 /* Preview Content */ = {
			isa = PBXGroup;
			children = (
				C20A6EC82ABB4DF2002360D5 /* Preview Assets.xcassets */,
			);
			path = "Preview Content";
			sourceTree = "<group>";
		};
		C20A6ED12ABB4DF3002360D5 /* SwiftUI-DrawingAppTests */ = {
			isa = PBXGroup;
			children = (
				C20A6ED22ABB4DF3002360D5 /* SwiftUI_DrawingAppTests.swift */,
			);
			path = "SwiftUI-DrawingAppTests";
			sourceTree = "<group>";
		};
		C20A6EDB2ABB4DF3002360D5 /* SwiftUI-DrawingAppUITests */ = {
			isa = PBXGroup;
			children = (
				C20A6EDC2ABB4DF3002360D5 /* SwiftUI_DrawingAppUITests.swift */,
				C20A6EDE2ABB4DF3002360D5 /* SwiftUI_DrawingAppUITestsLaunchTests.swift */,
			);
			path = "SwiftUI-DrawingAppUITests";
			sourceTree = "<group>";
		};
/* End PBXGroup section */

/* Begin PBXNativeTarget section */
		C20A6EBD2ABB4DEF002360D5 /* SwiftUI-DrawingApp */ = {
			isa = PBXNativeTarget;
			buildConfigurationList = C20A6EE22ABB4DF3002360D5 /* Build configuration list for PBXNativeTarget "SwiftUI-DrawingApp" */;
			buildPhases = (
				C20A6EBA2ABB4DEF002360D5 /* Sources */,
				C20A6EBB2ABB4DEF002360D5 /* Frameworks */,
				C20A6EBC2ABB4DEF002360D5 /* Resources */,
			);
			buildRules = (
			);
			dependencies = (
			);
			name = "SwiftUI-DrawingApp";
			productName = "SwiftUI-DrawingApp";
			productReference = C20A6EBE2ABB4DEF002360D5 /* SwiftUI-DrawingApp.app */;
			productType = "com.apple.product-type.application";
		};
		C20A6ECD2ABB4DF3002360D5 /* SwiftUI-DrawingAppTests */ = {
			isa = PBXNativeTarget;
			buildConfigurationList = C20A6EE52ABB4DF3002360D5 /* Build configuration list for PBXNativeTarget "SwiftUI-DrawingAppTests" */;
			buildPhases = (
				C20A6ECA2ABB4DF3002360D5 /* Sources */,
				C20A6ECB2ABB4DF3002360D5 /* Frameworks */,
				C20A6ECC2ABB4DF3002360D5 /* Resources */,
			);
			buildRules = (
			);
			dependencies = (
				C20A6ED02ABB4DF3002360D5 /* PBXTargetDependency */,
			);
			name = "SwiftUI-DrawingAppTests";
			productName = "SwiftUI-DrawingAppTests";
			productReference = C20A6ECE2ABB4DF3002360D5 /* SwiftUI-DrawingAppTests.xctest */;
			productType = "com.apple.product-type.bundle.unit-test";
		};
		C20A6ED72ABB4DF3002360D5 /* SwiftUI-DrawingAppUITests */ = {
			isa = PBXNativeTarget;
			buildConfigurationList = C20A6EE82ABB4DF3002360D5 /* Build configuration list for PBXNativeTarget "SwiftUI-DrawingAppUITests" */;
			buildPhases = (
				C20A6ED42ABB4DF3002360D5 /* Sources */,
				C20A6ED52ABB4DF3002360D5 /* Frameworks */,
				C20A6ED62ABB4DF3002360D5 /* Resources */,
			);
			buildRules = (
			);
			dependencies = (
				C20A6EDA2ABB4DF3002360D5 /* PBXTargetDependency */,
			);
			name = "SwiftUI-DrawingAppUITests";
			productName = "SwiftUI-DrawingAppUITests";
			productReference = C20A6ED82ABB4DF3002360D5 /* SwiftUI-DrawingAppUITests.xctest */;
			productType = "com.apple.product-type.bundle.ui-testing";
		};
/* End PBXNativeTarget section */

/* Begin PBXProject section */
		C20A6EB62ABB4DEF002360D5 /* Project object */ = {
			isa = PBXProject;
			attributes = {
				BuildIndependentTargetsInParallel = 1;
				LastSwiftUpdateCheck = 1430;
				LastUpgradeCheck = 1430;
				TargetAttributes = {
					C20A6EBD2ABB4DEF002360D5 = {
						CreatedOnToolsVersion = 14.3.1;
					};
					C20A6ECD2ABB4DF3002360D5 = {
						CreatedOnToolsVersion = 14.3.1;
						TestTargetID = C20A6EBD2ABB4DEF002360D5;
					};
					C20A6ED72ABB4DF3002360D5 = {
						CreatedOnToolsVersion = 14.3.1;
						TestTargetID = C20A6EBD2ABB4DEF002360D5;
					};
				};
			};
			buildConfigurationList = C20A6EB92ABB4DEF002360D5 /* Build configuration list for PBXProject "SwiftUI-DrawingApp" */;
			compatibilityVersion = "Xcode 14.0";
			developmentRegion = en;
			hasScannedForEncodings = 0;
			knownRegions = (
				en,
				Base,
			);
			mainGroup = C20A6EB52ABB4DEF002360D5;
			productRefGroup = C20A6EBF2ABB4DEF002360D5 /* Products */;
			projectDirPath = "";
			projectRoot = "";
			targets = (
				C20A6EBD2ABB4DEF002360D5 /* SwiftUI-DrawingApp */,
				C20A6ECD2ABB4DF3002360D5 /* SwiftUI-DrawingAppTests */,
				C20A6ED72ABB4DF3002360D5 /* SwiftUI-DrawingAppUITests */,
			);
		};
/* End PBXProject section */

/* Begin PBXResourcesBuildPhase section */
		C20A6EBC2ABB4DEF002360D5 /* Resources */ = {
			isa = PBXResourcesBuildPhase;
			buildActionMask = 2147483647;
			files = (
				C20A6EC92ABB4DF2002360D5 /* Preview Assets.xcassets in Resources */,
				C20A6EC62ABB4DF2002360D5 /* Assets.xcassets in Resources */,
			);
			runOnlyForDeploymentPostprocessing = 0;
		};
		C20A6ECC2ABB4DF3002360D5 /* Resources */ = {
			isa = PBXResourcesBuildPhase;
			buildActionMask = 2147483647;
			files = (
			);
			runOnlyForDeploymentPostprocessing = 0;
		};
		C20A6ED62ABB4DF3002360D5 /* Resources */ = {
			isa = PBXResourcesBuildPhase;
			buildActionMask = 2147483647;
			files = (
			);
			runOnlyForDeploymentPostprocessing = 0;
		};
/* End PBXResourcesBuildPhase section */

/* Begin PBXSourcesBuildPhase section */
		C20A6EBA2ABB4DEF002360D5 /* Sources */ = {
			isa = PBXSourcesBuildPhase;
			buildActionMask = 2147483647;
			files = (
				C20A6EEE2ABB5242002360D5 /* ColorPickerView.swift in Sources */,
				C20A6EC42ABB4DEF002360D5 /* ContentView.swift in Sources */,
				C20A6EC22ABB4DEF002360D5 /* SwiftUI_DrawingAppApp.swift in Sources */,
				C20A6EEC2ABB51E6002360D5 /* Constants.swift in Sources */,
			);
			runOnlyForDeploymentPostprocessing = 0;
		};
		C20A6ECA2ABB4DF3002360D5 /* Sources */ = {
			isa = PBXSourcesBuildPhase;
			buildActionMask = 2147483647;
			files = (
				C20A6ED32ABB4DF3002360D5 /* SwiftUI_DrawingAppTests.swift in Sources */,
			);
			runOnlyForDeploymentPostprocessing = 0;
		};
		C20A6ED42ABB4DF3002360D5 /* Sources */ = {
			isa = PBXSourcesBuildPhase;
			buildActionMask = 2147483647;
			files = (
				C20A6EDD2ABB4DF3002360D5 /* SwiftUI_DrawingAppUITests.swift in Sources */,
				C20A6EDF2ABB4DF3002360D5 /* SwiftUI_DrawingAppUITestsLaunchTests.swift in Sources */,
			);
			runOnlyForDeploymentPostprocessing = 0;
		};
/* End PBXSourcesBuildPhase section */

/* Begin PBXTargetDependency section */
		C20A6ED02ABB4DF3002360D5 /* PBXTargetDependency */ = {
			isa = PBXTargetDependency;
			target = C20A6EBD2ABB4DEF002360D5 /* SwiftUI-DrawingApp */;
			targetProxy = C20A6ECF2ABB4DF3002360D5 /* PBXContainerItemProxy */;
		};
		C20A6EDA2ABB4DF3002360D5 /* PBXTargetDependency */ = {
			isa = PBXTargetDependency;
			target = C20A6EBD2ABB4DEF002360D5 /* SwiftUI-DrawingApp */;
			targetProxy = C20A6ED92ABB4DF3002360D5 /* PBXContainerItemProxy */;
		};
/* End PBXTargetDependency section */

/* Begin XCBuildConfiguration section */
		C20A6EE02ABB4DF3002360D5 /* Debug */ = {
			isa = XCBuildConfiguration;
			buildSettings = {
				ALWAYS_SEARCH_USER_PATHS = NO;
				CLANG_ANALYZER_NONNULL = YES;
				CLANG_ANALYZER_NUMBER_OBJECT_CONVERSION = YES_AGGRESSIVE;
				CLANG_CXX_LANGUAGE_STANDARD = "gnu++20";
				CLANG_ENABLE_MODULES = YES;
				CLANG_ENABLE_OBJC_ARC = YES;
				CLANG_ENABLE_OBJC_WEAK = YES;
				CLANG_WARN_BLOCK_CAPTURE_AUTORELEASING = YES;
				CLANG_WARN_BOOL_CONVERSION = YES;
				CLANG_WARN_COMMA = YES;
				CLANG_WARN_CONSTANT_CONVERSION = YES;
				CLANG_WARN_DEPRECATED_OBJC_IMPLEMENTATIONS = YES;
				CLANG_WARN_DIRECT_OBJC_ISA_USAGE = YES_ERROR;
				CLANG_WARN_DOCUMENTATION_COMMENTS = YES;
				CLANG_WARN_EMPTY_BODY = YES;
				CLANG_WARN_ENUM_CONVERSION = YES;
				CLANG_WARN_INFINITE_RECURSION = YES;
				CLANG_WARN_INT_CONVERSION = YES;
				CLANG_WARN_NON_LITERAL_NULL_CONVERSION = YES;
				CLANG_WARN_OBJC_IMPLICIT_RETAIN_SELF = YES;
				CLANG_WARN_OBJC_LITERAL_CONVERSION = YES;
				CLANG_WARN_OBJC_ROOT_CLASS = YES_ERROR;
				CLANG_WARN_QUOTED_INCLUDE_IN_FRAMEWORK_HEADER = YES;
				CLANG_WARN_RANGE_LOOP_ANALYSIS = YES;
				CLANG_WARN_STRICT_PROTOTYPES = YES;
				CLANG_WARN_SUSPICIOUS_MOVE = YES;
				CLANG_WARN_UNGUARDED_AVAILABILITY = YES_AGGRESSIVE;
				CLANG_WARN_UNREACHABLE_CODE = YES;
				CLANG_WARN__DUPLICATE_METHOD_MATCH = YES;
				COPY_PHASE_STRIP = NO;
				DEBUG_INFORMATION_FORMAT = dwarf;
				ENABLE_STRICT_OBJC_MSGSEND = YES;
				ENABLE_TESTABILITY = YES;
				GCC_C_LANGUAGE_STANDARD = gnu11;
				GCC_DYNAMIC_NO_PIC = NO;
				GCC_NO_COMMON_BLOCKS = YES;
				GCC_OPTIMIZATION_LEVEL = 0;
				GCC_PREPROCESSOR_DEFINITIONS = (
					"DEBUG=1",
					"$(inherited)",
				);
				GCC_WARN_64_TO_32_BIT_CONVERSION = YES;
				GCC_WARN_ABOUT_RETURN_TYPE = YES_ERROR;
				GCC_WARN_UNDECLARED_SELECTOR = YES;
				GCC_WARN_UNINITIALIZED_AUTOS = YES_AGGRESSIVE;
				GCC_WARN_UNUSED_FUNCTION = YES;
				GCC_WARN_UNUSED_VARIABLE = YES;
				IPHONEOS_DEPLOYMENT_TARGET = 16.4;
				MTL_ENABLE_DEBUG_INFO = INCLUDE_SOURCE;
				MTL_FAST_MATH = YES;
				ONLY_ACTIVE_ARCH = YES;
				SDKROOT = iphoneos;
				SWIFT_ACTIVE_COMPILATION_CONDITIONS = DEBUG;
				SWIFT_OPTIMIZATION_LEVEL = "-Onone";
			};
			name = Debug;
		};
		C20A6EE12ABB4DF3002360D5 /* Release */ = {
			isa = XCBuildConfiguration;
			buildSettings = {
				ALWAYS_SEARCH_USER_PATHS = NO;
				CLANG_ANALYZER_NONNULL = YES;
				CLANG_ANALYZER_NUMBER_OBJECT_CONVERSION = YES_AGGRESSIVE;
				CLANG_CXX_LANGUAGE_STANDARD = "gnu++20";
				CLANG_ENABLE_MODULES = YES;
				CLANG_ENABLE_OBJC_ARC = YES;
				CLANG_ENABLE_OBJC_WEAK = YES;
				CLANG_WARN_BLOCK_CAPTURE_AUTORELEASING = YES;
				CLANG_WARN_BOOL_CONVERSION = YES;
				CLANG_WARN_COMMA = YES;
				CLANG_WARN_CONSTANT_CONVERSION = YES;
				CLANG_WARN_DEPRECATED_OBJC_IMPLEMENTATIONS = YES;
				CLANG_WARN_DIRECT_OBJC_ISA_USAGE = YES_ERROR;
				CLANG_WARN_DOCUMENTATION_COMMENTS = YES;
				CLANG_WARN_EMPTY_BODY = YES;
				CLANG_WARN_ENUM_CONVERSION = YES;
				CLANG_WARN_INFINITE_RECURSION = YES;
				CLANG_WARN_INT_CONVERSION = YES;
				CLANG_WARN_NON_LITERAL_NULL_CONVERSION = YES;
				CLANG_WARN_OBJC_IMPLICIT_RETAIN_SELF = YES;
				CLANG_WARN_OBJC_LITERAL_CONVERSION = YES;
				CLANG_WARN_OBJC_ROOT_CLASS = YES_ERROR;
				CLANG_WARN_QUOTED_INCLUDE_IN_FRAMEWORK_HEADER = YES;
				CLANG_WARN_RANGE_LOOP_ANALYSIS = YES;
				CLANG_WARN_STRICT_PROTOTYPES = YES;
				CLANG_WARN_SUSPICIOUS_MOVE = YES;
				CLANG_WARN_UNGUARDED_AVAILABILITY = YES_AGGRESSIVE;
				CLANG_WARN_UNREACHABLE_CODE = YES;
				CLANG_WARN__DUPLICATE_METHOD_MATCH = YES;
				COPY_PHASE_STRIP = NO;
				DEBUG_INFORMATION_FORMAT = "dwarf-with-dsym";
				ENABLE_NS_ASSERTIONS = NO;
				ENABLE_STRICT_OBJC_MSGSEND = YES;
				GCC_C_LANGUAGE_STANDARD = gnu11;
				GCC_NO_COMMON_BLOCKS = YES;
				GCC_WARN_64_TO_32_BIT_CONVERSION = YES;
				GCC_WARN_ABOUT_RETURN_TYPE = YES_ERROR;
				GCC_WARN_UNDECLARED_SELECTOR = YES;
				GCC_WARN_UNINITIALIZED_AUTOS = YES_AGGRESSIVE;
				GCC_WARN_UNUSED_FUNCTION = YES;
				GCC_WARN_UNUSED_VARIABLE = YES;
				IPHONEOS_DEPLOYMENT_TARGET = 16.4;
				MTL_ENABLE_DEBUG_INFO = NO;
				MTL_FAST_MATH = YES;
				SDKROOT = iphoneos;
				SWIFT_COMPILATION_MODE = wholemodule;
				SWIFT_OPTIMIZATION_LEVEL = "-O";
				VALIDATE_PRODUCT = YES;
			};
			name = Release;
		};
		C20A6EE32ABB4DF3002360D5 /* Debug */ = {
			isa = XCBuildConfiguration;
			buildSettings = {
				ASSETCATALOG_COMPILER_APPICON_NAME = AppIcon;
				ASSETCATALOG_COMPILER_GLOBAL_ACCENT_COLOR_NAME = AccentColor;
				CODE_SIGN_STYLE = Automatic;
				CURRENT_PROJECT_VERSION = 1;
				DEVELOPMENT_ASSET_PATHS = "\"SwiftUI-DrawingApp/Preview Content\"";
				ENABLE_PREVIEWS = YES;
				GENERATE_INFOPLIST_FILE = YES;
				INFOPLIST_KEY_UIApplicationSceneManifest_Generation = YES;
				INFOPLIST_KEY_UIApplicationSupportsIndirectInputEvents = YES;
				INFOPLIST_KEY_UILaunchScreen_Generation = YES;
				INFOPLIST_KEY_UISupportedInterfaceOrientations_iPad = "UIInterfaceOrientationPortrait UIInterfaceOrientationPortraitUpsideDown UIInterfaceOrientationLandscapeLeft UIInterfaceOrientationLandscapeRight";
				INFOPLIST_KEY_UISupportedInterfaceOrientations_iPhone = "UIInterfaceOrientationPortrait UIInterfaceOrientationLandscapeLeft UIInterfaceOrientationLandscapeRight";
				LD_RUNPATH_SEARCH_PATHS = (
					"$(inherited)",
					"@executable_path/Frameworks",
				);
				MARKETING_VERSION = 1.0;
				PRODUCT_BUNDLE_IDENTIFIER = "com.projects.SwiftUI-DrawingApp";
				PRODUCT_NAME = "$(TARGET_NAME)";
				SWIFT_EMIT_LOC_STRINGS = YES;
				SWIFT_VERSION = 5.0;
				TARGETED_DEVICE_FAMILY = "1,2";
			};
			name = Debug;
		};
		C20A6EE42ABB4DF3002360D5 /* Release */ = {
			isa = XCBuildConfiguration;
			buildSettings = {
				ASSETCATALOG_COMPILER_APPICON_NAME = AppIcon;
				ASSETCATALOG_COMPILER_GLOBAL_ACCENT_COLOR_NAME = AccentColor;
				CODE_SIGN_STYLE = Automatic;
				CURRENT_PROJECT_VERSION = 1;
				DEVELOPMENT_ASSET_PATHS = "\"SwiftUI-DrawingApp/Preview Content\"";
				ENABLE_PREVIEWS = YES;
				GENERATE_INFOPLIST_FILE = YES;
				INFOPLIST_KEY_UIApplicationSceneManifest_Generation = YES;
				INFOPLIST_KEY_UIApplicationSupportsIndirectInputEvents = YES;
				INFOPLIST_KEY_UILaunchScreen_Generation = YES;
				INFOPLIST_KEY_UISupportedInterfaceOrientations_iPad = "UIInterfaceOrientationPortrait UIInterfaceOrientationPortraitUpsideDown UIInterfaceOrientationLandscapeLeft UIInterfaceOrientationLandscapeRight";
				INFOPLIST_KEY_UISupportedInterfaceOrientations_iPhone = "UIInterfaceOrientationPortrait UIInterfaceOrientationLandscapeLeft UIInterfaceOrientationLandscapeRight";
				LD_RUNPATH_SEARCH_PATHS = (
					"$(inherited)",
					"@executable_path/Frameworks",
				);
				MARKETING_VERSION = 1.0;
				PRODUCT_BUNDLE_IDENTIFIER = "com.projects.SwiftUI-DrawingApp";
				PRODUCT_NAME = "$(TARGET_NAME)";
				SWIFT_EMIT_LOC_STRINGS = YES;
				SWIFT_VERSION = 5.0;
				TARGETED_DEVICE_FAMILY = "1,2";
			};
			name = Release;
		};
		C20A6EE62ABB4DF3002360D5 /* Debug */ = {
			isa = XCBuildConfiguration;
			buildSettings = {
				ALWAYS_EMBED_SWIFT_STANDARD_LIBRARIES = YES;
				BUNDLE_LOADER = "$(TEST_HOST)";
				CODE_SIGN_STYLE = Automatic;
				CURRENT_PROJECT_VERSION = 1;
				GENERATE_INFOPLIST_FILE = YES;
				IPHONEOS_DEPLOYMENT_TARGET = 16.4;
				MARKETING_VERSION = 1.0;
				PRODUCT_BUNDLE_IDENTIFIER = "com.projects.SwiftUI-DrawingAppTests";
				PRODUCT_NAME = "$(TARGET_NAME)";
				SWIFT_EMIT_LOC_STRINGS = NO;
				SWIFT_VERSION = 5.0;
				TARGETED_DEVICE_FAMILY = "1,2";
				TEST_HOST = "$(BUILT_PRODUCTS_DIR)/SwiftUI-DrawingApp.app/$(BUNDLE_EXECUTABLE_FOLDER_PATH)/SwiftUI-DrawingApp";
			};
			name = Debug;
		};
		C20A6EE72ABB4DF3002360D5 /* Release */ = {
			isa = XCBuildConfiguration;
			buildSettings = {
				ALWAYS_EMBED_SWIFT_STANDARD_LIBRARIES = YES;
				BUNDLE_LOADER = "$(TEST_HOST)";
				CODE_SIGN_STYLE = Automatic;
				CURRENT_PROJECT_VERSION = 1;
				GENERATE_INFOPLIST_FILE = YES;
				IPHONEOS_DEPLOYMENT_TARGET = 16.4;
				MARKETING_VERSION = 1.0;
				PRODUCT_BUNDLE_IDENTIFIER = "com.projects.SwiftUI-DrawingAppTests";
				PRODUCT_NAME = "$(TARGET_NAME)";
				SWIFT_EMIT_LOC_STRINGS = NO;
				SWIFT_VERSION = 5.0;
				TARGETED_DEVICE_FAMILY = "1,2";
				TEST_HOST = "$(BUILT_PRODUCTS_DIR)/SwiftUI-DrawingApp.app/$(BUNDLE_EXECUTABLE_FOLDER_PATH)/SwiftUI-DrawingApp";
			};
			name = Release;
		};
		C20A6EE92ABB4DF3002360D5 /* Debug */ = {
			isa = XCBuildConfiguration;
			buildSettings = {
				ALWAYS_EMBED_SWIFT_STANDARD_LIBRARIES = YES;
				CODE_SIGN_STYLE = Automatic;
				CURRENT_PROJECT_VERSION = 1;
				GENERATE_INFOPLIST_FILE = YES;
				MARKETING_VERSION = 1.0;
				PRODUCT_BUNDLE_IDENTIFIER = "com.projects.SwiftUI-DrawingAppUITests";
				PRODUCT_NAME = "$(TARGET_NAME)";
				SWIFT_EMIT_LOC_STRINGS = NO;
				SWIFT_VERSION = 5.0;
				TARGETED_DEVICE_FAMILY = "1,2";
				TEST_TARGET_NAME = "SwiftUI-DrawingApp";
			};
			name = Debug;
		};
		C20A6EEA2ABB4DF3002360D5 /* Release */ = {
			isa = XCBuildConfiguration;
			buildSettings = {
				ALWAYS_EMBED_SWIFT_STANDARD_LIBRARIES = YES;
				CODE_SIGN_STYLE = Automatic;
				CURRENT_PROJECT_VERSION = 1;
				GENERATE_INFOPLIST_FILE = YES;
				MARKETING_VERSION = 1.0;
				PRODUCT_BUNDLE_IDENTIFIER = "com.projects.SwiftUI-DrawingAppUITests";
				PRODUCT_NAME = "$(TARGET_NAME)";
				SWIFT_EMIT_LOC_STRINGS = NO;
				SWIFT_VERSION = 5.0;
				TARGETED_DEVICE_FAMILY = "1,2";
				TEST_TARGET_NAME = "SwiftUI-DrawingApp";
			};
			name = Release;
		};
/* End XCBuildConfiguration section */

/* Begin XCConfigurationList section */
		C20A6EB92ABB4DEF002360D5 /* Build configuration list for PBXProject "SwiftUI-DrawingApp" */ = {
			isa = XCConfigurationList;
			buildConfigurations = (
				C20A6EE02ABB4DF3002360D5 /* Debug */,
				C20A6EE12ABB4DF3002360D5 /* Release */,
			);
			defaultConfigurationIsVisible = 0;
			defaultConfigurationName = Release;
		};
		C20A6EE22ABB4DF3002360D5 /* Build configuration list for PBXNativeTarget "SwiftUI-DrawingApp" */ = {
			isa = XCConfigurationList;
			buildConfigurations = (
				C20A6EE32ABB4DF3002360D5 /* Debug */,
				C20A6EE42ABB4DF3002360D5 /* Release */,
			);
			defaultConfigurationIsVisible = 0;
			defaultConfigurationName = Release;
		};
		C20A6EE52ABB4DF3002360D5 /* Build configuration list for PBXNativeTarget "SwiftUI-DrawingAppTests" */ = {
			isa = XCConfigurationList;
			buildConfigurations = (
				C20A6EE62ABB4DF3002360D5 /* Debug */,
				C20A6EE72ABB4DF3002360D5 /* Release */,
			);
			defaultConfigurationIsVisible = 0;
			defaultConfigurationName = Release;
		};
		C20A6EE82ABB4DF3002360D5 /* Build configuration list for PBXNativeTarget "SwiftUI-DrawingAppUITests" */ = {
			isa = XCConfigurationList;
			buildConfigurations = (
				C20A6EE92ABB4DF3002360D5 /* Debug */,
				C20A6EEA2ABB4DF3002360D5 /* Release */,
			);
			defaultConfigurationIsVisible = 0;
			defaultConfigurationName = Release;
		};
/* End XCConfigurationList section */
	};
	rootObject = C20A6EB62ABB4DEF002360D5 /* Project object */;
}
