// !$*UTF8*$!
{
	archiveVersion = 1;
	classes = {
	};
	objectVersion = 56;
	objects = {

/* Begin PBXBuildFile section */
		C25222592AD0A89500BC1BAC /* AppDelegate.swift in Sources */ = {isa = PBXBuildFile; fileRef = C25222582AD0A89500BC1BAC /* AppDelegate.swift */; };
		C252225B2AD0A89500BC1BAC /* SceneDelegate.swift in Sources */ = {isa = PBXBuildFile; fileRef = C252225A2AD0A89500BC1BAC /* SceneDelegate.swift */; };
		C252225D2AD0A89500BC1BAC /* ViewController.swift in Sources */ = {isa = PBXBuildFile; fileRef = C252225C2AD0A89500BC1BAC /* ViewController.swift */; };
		C25222602AD0A89500BC1BAC /* Main.storyboard in Resources */ = {isa = PBXBuildFile; fileRef = C252225E2AD0A89500BC1BAC /* Main.storyboard */; };
		C25222632AD0A89500BC1BAC /* CoreDataExampleApp.xcdatamodeld in Sources */ = {isa = PBXBuildFile; fileRef = C25222612AD0A89500BC1BAC /* CoreDataExampleApp.xcdatamodeld */; };
		C25222652AD0A89700BC1BAC /* Assets.xcassets in Resources */ = {isa = PBXBuildFile; fileRef = C25222642AD0A89700BC1BAC /* Assets.xcassets */; };
		C25222682AD0A89700BC1BAC /* LaunchScreen.storyboard in Resources */ = {isa = PBXBuildFile; fileRef = C25222662AD0A89700BC1BAC /* LaunchScreen.storyboard */; };
		C25222712AD0A98100BC1BAC /* ToDoListItem+CoreDataClass.swift in Sources */ = {isa = PBXBuildFile; fileRef = C252226F2AD0A98100BC1BAC /* ToDoListItem+CoreDataClass.swift */; };
		C25222722AD0A98100BC1BAC /* ToDoListItem+CoreDataProperties.swift in Sources */ = {isa = PBXBuildFile; fileRef = C25222702AD0A98100BC1BAC /* ToDoListItem+CoreDataProperties.swift */; };
/* End PBXBuildFile section */

/* Begin PBXFileReference section */
		C25222552AD0A89500BC1BAC /* CoreDataExampleApp.app */ = {isa = PBXFileReference; explicitFileType = wrapper.application; includeInIndex = 0; path = CoreDataExampleApp.app; sourceTree = BUILT_PRODUCTS_DIR; };
		C25222582AD0A89500BC1BAC /* AppDelegate.swift */ = {isa = PBXFileReference; lastKnownFileType = sourcecode.swift; path = AppDelegate.swift; sourceTree = "<group>"; };
		C252225A2AD0A89500BC1BAC /* SceneDelegate.swift */ = {isa = PBXFileReference; lastKnownFileType = sourcecode.swift; path = SceneDelegate.swift; sourceTree = "<group>"; };
		C252225C2AD0A89500BC1BAC /* ViewController.swift */ = {isa = PBXFileReference; lastKnownFileType = sourcecode.swift; path = ViewController.swift; sourceTree = "<group>"; };
		C252225F2AD0A89500BC1BAC /* Base */ = {isa = PBXFileReference; lastKnownFileType = file.storyboard; name = Base; path = Base.lproj/Main.storyboard; sourceTree = "<group>"; };
		C25222622AD0A89500BC1BAC /* CoreDataExampleApp.xcdatamodel */ = {isa = PBXFileReference; lastKnownFileType = wrapper.xcdatamodel; path = CoreDataExampleApp.xcdatamodel; sourceTree = "<group>"; };
		C25222642AD0A89700BC1BAC /* Assets.xcassets */ = {isa = PBXFileReference; lastKnownFileType = folder.assetcatalog; path = Assets.xcassets; sourceTree = "<group>"; };
		C25222672AD0A89700BC1BAC /* Base */ = {isa = PBXFileReference; lastKnownFileType = file.storyboard; name = Base; path = Base.lproj/LaunchScreen.storyboard; sourceTree = "<group>"; };
		C25222692AD0A89700BC1BAC /* Info.plist */ = {isa = PBXFileReference; lastKnownFileType = text.plist.xml; path = Info.plist; sourceTree = "<group>"; };
		C252226F2AD0A98100BC1BAC /* ToDoListItem+CoreDataClass.swift */ = {isa = PBXFileReference; lastKnownFileType = sourcecode.swift; path = "ToDoListItem+CoreDataClass.swift"; sourceTree = "<group>"; };
		C25222702AD0A98100BC1BAC /* ToDoListItem+CoreDataProperties.swift */ = {isa = PBXFileReference; lastKnownFileType = sourcecode.swift; path = "ToDoListItem+CoreDataProperties.swift"; sourceTree = "<group>"; };
/* End PBXFileReference section */

/* Begin PBXFrameworksBuildPhase section */
		C25222522AD0A89500BC1BAC /* Frameworks */ = {
			isa = PBXFrameworksBuildPhase;
			buildActionMask = 2147483647;
			files = (
			);
			runOnlyForDeploymentPostprocessing = 0;
		};
/* End PBXFrameworksBuildPhase section */

/* Begin PBXGroup section */
		C252224C2AD0A89500BC1BAC = {
			isa = PBXGroup;
			children = (
				C25222572AD0A89500BC1BAC /* CoreDataExampleApp */,
				C25222562AD0A89500BC1BAC /* Products */,
			);
			sourceTree = "<group>";
		};
		C25222562AD0A89500BC1BAC /* Products */ = {
			isa = PBXGroup;
			children = (
				C25222552AD0A89500BC1BAC /* CoreDataExampleApp.app */,
			);
			name = Products;
			sourceTree = "<group>";
		};
		C25222572AD0A89500BC1BAC /* CoreDataExampleApp */ = {
			isa = PBXGroup;
			children = (
				C25222732AD0A99600BC1BAC /* CoreData */,
				C25222582AD0A89500BC1BAC /* AppDelegate.swift */,
				C252225A2AD0A89500BC1BAC /* SceneDelegate.swift */,
				C252225C2AD0A89500BC1BAC /* ViewController.swift */,
				C252225E2AD0A89500BC1BAC /* Main.storyboard */,
				C25222642AD0A89700BC1BAC /* Assets.xcassets */,
				C25222662AD0A89700BC1BAC /* LaunchScreen.storyboard */,
				C25222692AD0A89700BC1BAC /* Info.plist */,
				C25222612AD0A89500BC1BAC /* CoreDataExampleApp.xcdatamodeld */,
			);
			path = CoreDataExampleApp;
			sourceTree = "<group>";
		};
		C25222732AD0A99600BC1BAC /* CoreData */ = {
			isa = PBXGroup;
			children = (
				C252226F2AD0A98100BC1BAC /* ToDoListItem+CoreDataClass.swift */,
				C25222702AD0A98100BC1BAC /* ToDoListItem+CoreDataProperties.swift */,
			);
			path = CoreData;
			sourceTree = "<group>";
		};
/* End PBXGroup section */

/* Begin PBXNativeTarget section */
		C25222542AD0A89500BC1BAC /* CoreDataExampleApp */ = {
			isa = PBXNativeTarget;
			buildConfigurationList = C252226C2AD0A89700BC1BAC /* Build configuration list for PBXNativeTarget "CoreDataExampleApp" */;
			buildPhases = (
				C25222512AD0A89500BC1BAC /* Sources */,
				C25222522AD0A89500BC1BAC /* Frameworks */,
				C25222532AD0A89500BC1BAC /* Resources */,
			);
			buildRules = (
			);
			dependencies = (
			);
			name = CoreDataExampleApp;
			productName = CoreDataExampleApp;
			productReference = C25222552AD0A89500BC1BAC /* CoreDataExampleApp.app */;
			productType = "com.apple.product-type.application";
		};
/* End PBXNativeTarget section */

/* Begin PBXProject section */
		C252224D2AD0A89500BC1BAC /* Project object */ = {
			isa = PBXProject;
			attributes = {
				BuildIndependentTargetsInParallel = 1;
				LastSwiftUpdateCheck = 1500;
				LastUpgradeCheck = 1500;
				TargetAttributes = {
					C25222542AD0A89500BC1BAC = {
						CreatedOnToolsVersion = 15.0;
					};
				};
			};
			buildConfigurationList = C25222502AD0A89500BC1BAC /* Build configuration list for PBXProject "CoreDataExampleApp" */;
			compatibilityVersion = "Xcode 14.0";
			developmentRegion = en;
			hasScannedForEncodings = 0;
			knownRegions = (
				en,
				Base,
			);
			mainGroup = C252224C2AD0A89500BC1BAC;
			productRefGroup = C25222562AD0A89500BC1BAC /* Products */;
			projectDirPath = "";
			projectRoot = "";
			targets = (
				C25222542AD0A89500BC1BAC /* CoreDataExampleApp */,
			);
		};
/* End PBXProject section */

/* Begin PBXResourcesBuildPhase section */
		C25222532AD0A89500BC1BAC /* Resources */ = {
			isa = PBXResourcesBuildPhase;
			buildActionMask = 2147483647;
			files = (
				C25222682AD0A89700BC1BAC /* LaunchScreen.storyboard in Resources */,
				C25222652AD0A89700BC1BAC /* Assets.xcassets in Resources */,
				C25222602AD0A89500BC1BAC /* Main.storyboard in Resources */,
			);
			runOnlyForDeploymentPostprocessing = 0;
		};
/* End PBXResourcesBuildPhase section */

/* Begin PBXSourcesBuildPhase section */
		C25222512AD0A89500BC1BAC /* Sources */ = {
			isa = PBXSourcesBuildPhase;
			buildActionMask = 2147483647;
			files = (
				C252225D2AD0A89500BC1BAC /* ViewController.swift in Sources */,
				C25222592AD0A89500BC1BAC /* AppDelegate.swift in Sources */,
				C252225B2AD0A89500BC1BAC /* SceneDelegate.swift in Sources */,
				C25222712AD0A98100BC1BAC /* ToDoListItem+CoreDataClass.swift in Sources */,
				C25222722AD0A98100BC1BAC /* ToDoListItem+CoreDataProperties.swift in Sources */,
				C25222632AD0A89500BC1BAC /* CoreDataExampleApp.xcdatamodeld in Sources */,
			);
			runOnlyForDeploymentPostprocessing = 0;
		};
/* End PBXSourcesBuildPhase section */

/* Begin PBXVariantGroup section */
		C252225E2AD0A89500BC1BAC /* Main.storyboard */ = {
			isa = PBXVariantGroup;
			children = (
				C252225F2AD0A89500BC1BAC /* Base */,
			);
			name = Main.storyboard;
			sourceTree = "<group>";
		};
		C25222662AD0A89700BC1BAC /* LaunchScreen.storyboard */ = {
			isa = PBXVariantGroup;
			children = (
				C25222672AD0A89700BC1BAC /* Base */,
			);
			name = LaunchScreen.storyboard;
			sourceTree = "<group>";
		};
/* End PBXVariantGroup section */

/* Begin XCBuildConfiguration section */
		C252226A2AD0A89700BC1BAC /* Debug */ = {
			isa = XCBuildConfiguration;
			buildSettings = {
				ALWAYS_SEARCH_USER_PATHS = NO;
				ASSETCATALOG_COMPILER_GENERATE_SWIFT_ASSET_SYMBOL_EXTENSIONS = YES;
				CLANG_ANALYZER_NONNULL = YES;
				CLANG_ANALYZER_NUMBER_OBJECT_CONVERSION = YES_AGGRESSIVE;
				CLANG_CXX_LANGUAGE_STANDARD = "gnu++20";
				CLANG_ENABLE_MODULES = YES;
				CLANG_ENABLE_OBJC_ARC = YES;
				CLANG_ENABLE_OBJC_WEAK = YES;
				CLANG_WARN_BLOCK_CAPTURE_AUTORELEASING = YES;
				CLANG_WARN_BOOL_CONVERSION = YES;
				CLANG_WARN_COMMA = YES;
				CLANG_WARN_CONSTANT_CONVERSION = YES;
				CLANG_WARN_DEPRECATED_OBJC_IMPLEMENTATIONS = YES;
				CLANG_WARN_DIRECT_OBJC_ISA_USAGE = YES_ERROR;
				CLANG_WARN_DOCUMENTATION_COMMENTS = YES;
				CLANG_WARN_EMPTY_BODY = YES;
				CLANG_WARN_ENUM_CONVERSION = YES;
				CLANG_WARN_INFINITE_RECURSION = YES;
				CLANG_WARN_INT_CONVERSION = YES;
				CLANG_WARN_NON_LITERAL_NULL_CONVERSION = YES;
				CLANG_WARN_OBJC_IMPLICIT_RETAIN_SELF = YES;
				CLANG_WARN_OBJC_LITERAL_CONVERSION = YES;
				CLANG_WARN_OBJC_ROOT_CLASS = YES_ERROR;
				CLANG_WARN_QUOTED_INCLUDE_IN_FRAMEWORK_HEADER = YES;
				CLANG_WARN_RANGE_LOOP_ANALYSIS = YES;
				CLANG_WARN_STRICT_PROTOTYPES = YES;
				CLANG_WARN_SUSPICIOUS_MOVE = YES;
				CLANG_WARN_UNGUARDED_AVAILABILITY = YES_AGGRESSIVE;
				CLANG_WARN_UNREACHABLE_CODE = YES;
				CLANG_WARN__DUPLICATE_METHOD_MATCH = YES;
				COPY_PHASE_STRIP = NO;
				DEBUG_INFORMATION_FORMAT = dwarf;
				ENABLE_STRICT_OBJC_MSGSEND = YES;
				ENABLE_TESTABILITY = YES;
				ENABLE_USER_SCRIPT_SANDBOXING = YES;
				GCC_C_LANGUAGE_STANDARD = gnu17;
				GCC_DYNAMIC_NO_PIC = NO;
				GCC_NO_COMMON_BLOCKS = YES;
				GCC_OPTIMIZATION_LEVEL = 0;
				GCC_PREPROCESSOR_DEFINITIONS = (
					"DEBUG=1",
					"$(inherited)",
				);
				GCC_WARN_64_TO_32_BIT_CONVERSION = YES;
				GCC_WARN_ABOUT_RETURN_TYPE = YES_ERROR;
				GCC_WARN_UNDECLARED_SELECTOR = YES;
				GCC_WARN_UNINITIALIZED_AUTOS = YES_AGGRESSIVE;
				GCC_WARN_UNUSED_FUNCTION = YES;
				GCC_WARN_UNUSED_VARIABLE = YES;
				IPHONEOS_DEPLOYMENT_TARGET = 17.0;
				LOCALIZATION_PREFERS_STRING_CATALOGS = YES;
				MTL_ENABLE_DEBUG_INFO = INCLUDE_SOURCE;
				MTL_FAST_MATH = YES;
				ONLY_ACTIVE_ARCH = YES;
				SDKROOT = iphoneos;
				SWIFT_ACTIVE_COMPILATION_CONDITIONS = "DEBUG $(inherited)";
				SWIFT_OPTIMIZATION_LEVEL = "-Onone";
			};
			name = Debug;
		};
		C252226B2AD0A89700BC1BAC /* Release */ = {
			isa = XCBuildConfiguration;
			buildSettings = {
				ALWAYS_SEARCH_USER_PATHS = NO;
				ASSETCATALOG_COMPILER_GENERATE_SWIFT_ASSET_SYMBOL_EXTENSIONS = YES;
				CLANG_ANALYZER_NONNULL = YES;
				CLANG_ANALYZER_NUMBER_OBJECT_CONVERSION = YES_AGGRESSIVE;
				CLANG_CXX_LANGUAGE_STANDARD = "gnu++20";
				CLANG_ENABLE_MODULES = YES;
				CLANG_ENABLE_OBJC_ARC = YES;
				CLANG_ENABLE_OBJC_WEAK = YES;
				CLANG_WARN_BLOCK_CAPTURE_AUTORELEASING = YES;
				CLANG_WARN_BOOL_CONVERSION = YES;
				CLANG_WARN_COMMA = YES;
				CLANG_WARN_CONSTANT_CONVERSION = YES;
				CLANG_WARN_DEPRECATED_OBJC_IMPLEMENTATIONS = YES;
				CLANG_WARN_DIRECT_OBJC_ISA_USAGE = YES_ERROR;
				CLANG_WARN_DOCUMENTATION_COMMENTS = YES;
				CLANG_WARN_EMPTY_BODY = YES;
				CLANG_WARN_ENUM_CONVERSION = YES;
				CLANG_WARN_INFINITE_RECURSION = YES;
				CLANG_WARN_INT_CONVERSION = YES;
				CLANG_WARN_NON_LITERAL_NULL_CONVERSION = YES;
				CLANG_WARN_OBJC_IMPLICIT_RETAIN_SELF = YES;
				CLANG_WARN_OBJC_LITERAL_CONVERSION = YES;
				CLANG_WARN_OBJC_ROOT_CLASS = YES_ERROR;
				CLANG_WARN_QUOTED_INCLUDE_IN_FRAMEWORK_HEADER = YES;
				CLANG_WARN_RANGE_LOOP_ANALYSIS = YES;
				CLANG_WARN_STRICT_PROTOTYPES = YES;
				CLANG_WARN_SUSPICIOUS_MOVE = YES;
				CLANG_WARN_UNGUARDED_AVAILABILITY = YES_AGGRESSIVE;
				CLANG_WARN_UNREACHABLE_CODE = YES;
				CLANG_WARN__DUPLICATE_METHOD_MATCH = YES;
				COPY_PHASE_STRIP = NO;
				DEBUG_INFORMATION_FORMAT = "dwarf-with-dsym";
				ENABLE_NS_ASSERTIONS = NO;
				ENABLE_STRICT_OBJC_MSGSEND = YES;
				ENABLE_USER_SCRIPT_SANDBOXING = YES;
				GCC_C_LANGUAGE_STANDARD = gnu17;
				GCC_NO_COMMON_BLOCKS = YES;
				GCC_WARN_64_TO_32_BIT_CONVERSION = YES;
				GCC_WARN_ABOUT_RETURN_TYPE = YES_ERROR;
				GCC_WARN_UNDECLARED_SELECTOR = YES;
				GCC_WARN_UNINITIALIZED_AUTOS = YES_AGGRESSIVE;
				GCC_WARN_UNUSED_FUNCTION = YES;
				GCC_WARN_UNUSED_VARIABLE = YES;
				IPHONEOS_DEPLOYMENT_TARGET = 17.0;
				LOCALIZATION_PREFERS_STRING_CATALOGS = YES;
				MTL_ENABLE_DEBUG_INFO = NO;
				MTL_FAST_MATH = YES;
				SDKROOT = iphoneos;
				SWIFT_COMPILATION_MODE = wholemodule;
				VALIDATE_PRODUCT = YES;
			};
			name = Release;
		};
		C252226D2AD0A89700BC1BAC /* Debug */ = {
			isa = XCBuildConfiguration;
			buildSettings = {
				ASSETCATALOG_COMPILER_APPICON_NAME = AppIcon;
				ASSETCATALOG_COMPILER_GLOBAL_ACCENT_COLOR_NAME = AccentColor;
				CODE_SIGN_STYLE = Automatic;
				CURRENT_PROJECT_VERSION = 1;
				GENERATE_INFOPLIST_FILE = YES;
				INFOPLIST_FILE = CoreDataExampleApp/Info.plist;
				INFOPLIST_KEY_UIApplicationSupportsIndirectInputEvents = YES;
				INFOPLIST_KEY_UILaunchStoryboardName = LaunchScreen;
				INFOPLIST_KEY_UIMainStoryboardFile = Main;
				INFOPLIST_KEY_UISupportedInterfaceOrientations_iPad = "UIInterfaceOrientationPortrait UIInterfaceOrientationPortraitUpsideDown UIInterfaceOrientationLandscapeLeft UIInterfaceOrientationLandscapeRight";
				INFOPLIST_KEY_UISupportedInterfaceOrientations_iPhone = "UIInterfaceOrientationPortrait UIInterfaceOrientationLandscapeLeft UIInterfaceOrientationLandscapeRight";
				LD_RUNPATH_SEARCH_PATHS = (
					"$(inherited)",
					"@executable_path/Frameworks",
				);
				MARKETING_VERSION = 1.0;
				PRODUCT_BUNDLE_IDENTIFIER = com.projects.CoreDataExampleApp;
				PRODUCT_NAME = "$(TARGET_NAME)";
				SWIFT_EMIT_LOC_STRINGS = YES;
				SWIFT_VERSION = 5.0;
				TARGETED_DEVICE_FAMILY = "1,2";
			};
			name = Debug;
		};
		C252226E2AD0A89700BC1BAC /* Release */ = {
			isa = XCBuildConfiguration;
			buildSettings = {
				ASSETCATALOG_COMPILER_APPICON_NAME = AppIcon;
				ASSETCATALOG_COMPILER_GLOBAL_ACCENT_COLOR_NAME = AccentColor;
				CODE_SIGN_STYLE = Automatic;
				CURRENT_PROJECT_VERSION = 1;
				GENERATE_INFOPLIST_FILE = YES;
				INFOPLIST_FILE = CoreDataExampleApp/Info.plist;
				INFOPLIST_KEY_UIApplicationSupportsIndirectInputEvents = YES;
				INFOPLIST_KEY_UILaunchStoryboardName = LaunchScreen;
				INFOPLIST_KEY_UIMainStoryboardFile = Main;
				INFOPLIST_KEY_UISupportedInterfaceOrientations_iPad = "UIInterfaceOrientationPortrait UIInterfaceOrientationPortraitUpsideDown UIInterfaceOrientationLandscapeLeft UIInterfaceOrientationLandscapeRight";
				INFOPLIST_KEY_UISupportedInterfaceOrientations_iPhone = "UIInterfaceOrientationPortrait UIInterfaceOrientationLandscapeLeft UIInterfaceOrientationLandscapeRight";
				LD_RUNPATH_SEARCH_PATHS = (
					"$(inherited)",
					"@executable_path/Frameworks",
				);
				MARKETING_VERSION = 1.0;
				PRODUCT_BUNDLE_IDENTIFIER = com.projects.CoreDataExampleApp;
				PRODUCT_NAME = "$(TARGET_NAME)";
				SWIFT_EMIT_LOC_STRINGS = YES;
				SWIFT_VERSION = 5.0;
				TARGETED_DEVICE_FAMILY = "1,2";
			};
			name = Release;
		};
/* End XCBuildConfiguration section */

/* Begin XCConfigurationList section */
		C25222502AD0A89500BC1BAC /* Build configuration list for PBXProject "CoreDataExampleApp" */ = {
			isa = XCConfigurationList;
			buildConfigurations = (
				C252226A2AD0A89700BC1BAC /* Debug */,
				C252226B2AD0A89700BC1BAC /* Release */,
			);
			defaultConfigurationIsVisible = 0;
			defaultConfigurationName = Release;
		};
		C252226C2AD0A89700BC1BAC /* Build configuration list for PBXNativeTarget "CoreDataExampleApp" */ = {
			isa = XCConfigurationList;
			buildConfigurations = (
				C252226D2AD0A89700BC1BAC /* Debug */,
				C252226E2AD0A89700BC1BAC /* Release */,
			);
			defaultConfigurationIsVisible = 0;
			defaultConfigurationName = Release;
		};
/* End XCConfigurationList section */

/* Begin XCVersionGroup section */
		C25222612AD0A89500BC1BAC /* CoreDataExampleApp.xcdatamodeld */ = {
			isa = XCVersionGroup;
			children = (
				C25222622AD0A89500BC1BAC /* CoreDataExampleApp.xcdatamodel */,
			);
			currentVersion = C25222622AD0A89500BC1BAC /* CoreDataExampleApp.xcdatamodel */;
			path = CoreDataExampleApp.xcdatamodeld;
			sourceTree = "<group>";
			versionGroupType = wrapper.xcdatamodel;
		};
/* End XCVersionGroup section */
	};
	rootObject = C252224D2AD0A89500BC1BAC /* Project object */;
}
